
Microsoft Visual Studio Solution File, Format Version 11.00
# Visual Studio 2010
Project("{FAE04EC0-301F-11D3-BF4B-00C04F79EFBC}") = "Unity.MemoryProfiler.Editor", "Unity.MemoryProfiler.Editor.csproj", "{737fe2cc-a1bf-e940-6867-b66e4c2fc0d3}"
EndProject
Project("{FAE04EC0-301F-11D3-BF4B-00C04F79EFBC}") = "Unity.Timeline", "Unity.Timeline.csproj", "{ffc9aa0a-3e86-a63a-62cd-838df6968662}"
EndProject
Project("{FAE04EC0-301F-11D3-BF4B-00C04F79EFBC}") = "Unity.Timeline.Editor", "Unity.Timeline.Editor.csproj", "{a5ead305-f8e9-a095-5b0a-828ede2f2389}"
EndProject
Project("{FAE04EC0-301F-11D3-BF4B-00C04F79EFBC}") = "UnityEngine.Advertisements.Editor", "UnityEngine.Advertisements.Editor.csproj", "{502ddf53-8056-c7f4-58bd-e9f84afb1da1}"
EndProject
Project("{FAE04EC0-301F-11D3-BF4B-00C04F79EFBC}") = "Unity.TextMeshPro.Editor", "Unity.TextMeshPro.Editor.csproj", "{7117b2c5-32ae-8fc0-7645-e29bc5932983}"
EndProject
Project("{FAE04EC0-301F-11D3-BF4B-00C04F79EFBC}") = "Unity.2D.Tilemap.Editor", "Unity.2D.Tilemap.Editor.csproj", "{9d3439ca-c2b4-ecd9-78de-2a76722bac5d}"
EndProject
Project("{FAE04EC0-301F-11D3-BF4B-00C04F79EFBC}") = "Unity.Services.Core.Internal", "Unity.Services.Core.Internal.csproj", "{48fbc213-e48f-d009-955e-a158c4323084}"
EndProject
Project("{FAE04EC0-301F-11D3-BF4B-00C04F79EFBC}") = "Unity.VisualScripting.Flow", "Unity.VisualScripting.Flow.csproj", "{22fd0d1b-662b-0ad0-d9b8-dc29dc8abd9a}"
EndProject
Project("{FAE04EC0-301F-11D3-BF4B-00C04F79EFBC}") = "UnityEditor.UI", "UnityEditor.UI.csproj", "{9ca4043d-5790-5f4e-747c-bff428994bb0}"
EndProject
Project("{FAE04EC0-301F-11D3-BF4B-00C04F79EFBC}") = "Unity.PlasticSCM.Editor", "Unity.PlasticSCM.Editor.csproj", "{b5e71122-37e0-1329-13ae-518def5c07dc}"
EndProject
Project("{FAE04EC0-301F-11D3-BF4B-00C04F79EFBC}") = "UnityEditor.Purchasing", "UnityEditor.Purchasing.csproj", "{863dd73d-b811-c263-2083-abdb2e0b4112}"
EndProject
Project("{FAE04EC0-301F-11D3-BF4B-00C04F79EFBC}") = "Unity.VisualScripting.Core", "Unity.VisualScripting.Core.csproj", "{8f1b2edb-5e27-dc91-5edb-fe308dc1a24e}"
EndProject
Project("{FAE04EC0-301F-11D3-BF4B-00C04F79EFBC}") = "Unity.VisualScripting.Core.Editor", "Unity.VisualScripting.Core.Editor.csproj", "{2ac48551-f9da-0211-cb70-136c14737310}"
EndProject
Project("{FAE04EC0-301F-11D3-BF4B-00C04F79EFBC}") = "UnityEngine.Purchasing.Stores", "UnityEngine.Purchasing.Stores.csproj", "{72e2dc84-a294-dbe6-bc78-c045eb15e872}"
EndProject
Project("{FAE04EC0-301F-11D3-BF4B-00C04F79EFBC}") = "UnityEngine.Purchasing", "UnityEngine.Purchasing.csproj", "{2a6104cf-1902-cb72-ba10-88f285125630}"
EndProject
Project("{FAE04EC0-301F-11D3-BF4B-00C04F79EFBC}") = "UnityEngine.Advertisements", "UnityEngine.Advertisements.csproj", "{8df28e6c-0d9b-01b3-131e-62d943cdc955}"
EndProject
Project("{FAE04EC0-301F-11D3-BF4B-00C04F79EFBC}") = "Unity.VisualScripting.Flow.Editor", "Unity.VisualScripting.Flow.Editor.csproj", "{5f7de04b-c513-1724-504a-be7dd7dedb85}"
EndProject
Project("{FAE04EC0-301F-11D3-BF4B-00C04F79EFBC}") = "Unity.Services.Analytics", "Unity.Services.Analytics.csproj", "{4e493d9c-d31f-8d82-8c5d-430f93fa23e6}"
EndProject
Project("{FAE04EC0-301F-11D3-BF4B-00C04F79EFBC}") = "UnityEngine.Advertisements.DevX.Editor", "UnityEngine.Advertisements.DevX.Editor.csproj", "{c83bab84-9bb8-1143-aff7-68895c639513}"
EndProject
Project("{FAE04EC0-301F-11D3-BF4B-00C04F79EFBC}") = "UnityEditor.TestRunner", "UnityEditor.TestRunner.csproj", "{7edaafa2-387d-74ab-8608-f3af187d4675}"
EndProject
Project("{FAE04EC0-301F-11D3-BF4B-00C04F79EFBC}") = "Unity.VisualScripting.SettingsProvider.Editor", "Unity.VisualScripting.SettingsProvider.Editor.csproj", "{5752e55a-11f8-432f-38f4-121b0660e0c7}"
EndProject
Project("{FAE04EC0-301F-11D3-BF4B-00C04F79EFBC}") = "UnityEngine.TestRunner", "UnityEngine.TestRunner.csproj", "{1091eb43-955a-0103-0e53-d107b4c929c4}"
EndProject
Project("{FAE04EC0-301F-11D3-BF4B-00C04F79EFBC}") = "Unity.Services.Core.Environments.Editor", "Unity.Services.Core.Environments.Editor.csproj", "{2c89c4aa-a7a5-ab28-5221-341048ea9fc8}"
EndProject
Project("{FAE04EC0-301F-11D3-BF4B-00C04F79EFBC}") = "Unity.Services.Core.Editor", "Unity.Services.Core.Editor.csproj", "{91e396c0-f1ce-934b-7497-720f2dd106fb}"
EndProject
Project("{FAE04EC0-301F-11D3-BF4B-00C04F79EFBC}") = "Unity.Services.Core", "Unity.Services.Core.csproj", "{3056b836-65e5-60ee-6921-4f0e24993f02}"
EndProject
Project("{FAE04EC0-301F-11D3-BF4B-00C04F79EFBC}") = "UnityEngine.UI", "UnityEngine.UI.csproj", "{d9adecfe-f73a-8cd2-c695-1d9da396d5c4}"
EndProject
Project("{FAE04EC0-301F-11D3-BF4B-00C04F79EFBC}") = "Unity.AI.Navigation.Editor", "Unity.AI.Navigation.Editor.csproj", "{1aefac1d-b231-7d63-120f-ab09de0a2ec4}"
EndProject
Project("{FAE04EC0-301F-11D3-BF4B-00C04F79EFBC}") = "Unity.VisualStudio.Editor", "Unity.VisualStudio.Editor.csproj", "{ec60f808-e7a4-2b1c-acdf-b9f1360f9ec4}"
EndProject
Project("{FAE04EC0-301F-11D3-BF4B-00C04F79EFBC}") = "Unity.TestTools.CodeCoverage.Editor.OpenCover.Model", "Unity.TestTools.CodeCoverage.Editor.OpenCover.Model.csproj", "{0719fb21-b180-7ec8-2d34-14e5cba0071e}"
EndProject
Project("{FAE04EC0-301F-11D3-BF4B-00C04F79EFBC}") = "Unity.Rider.Editor", "Unity.Rider.Editor.csproj", "{3096f38a-a0ba-18ce-55a9-55b6cd4c67d0}"
EndProject
Project("{FAE04EC0-301F-11D3-BF4B-00C04F79EFBC}") = "Unity.Services.Core.Environments.Internal", "Unity.Services.Core.Environments.Internal.csproj", "{ad1491d2-1209-2b93-f36b-713629d9e366}"
EndProject
Project("{FAE04EC0-301F-11D3-BF4B-00C04F79EFBC}") = "Unity.Services.Core.Telemetry", "Unity.Services.Core.Telemetry.csproj", "{6d6282b3-e14b-1eb8-679b-c96217c22a44}"
EndProject
Project("{FAE04EC0-301F-11D3-BF4B-00C04F79EFBC}") = "Unity.AI.Navigation", "Unity.AI.Navigation.csproj", "{bc123992-b981-e9c2-60fc-58a8b074941d}"
EndProject
Project("{FAE04EC0-301F-11D3-BF4B-00C04F79EFBC}") = "UnityEngine.Purchasing.Codeless", "UnityEngine.Purchasing.Codeless.csproj", "{d0d6a84d-8173-88d7-904e-76500a9a5ef2}"
EndProject
Project("{FAE04EC0-301F-11D3-BF4B-00C04F79EFBC}") = "Unity.Services.Core.Configuration", "Unity.Services.Core.Configuration.csproj", "{3d630a43-71ed-4e63-8a22-bfe0bd145dbd}"
EndProject
Project("{FAE04EC0-301F-11D3-BF4B-00C04F79EFBC}") = "Unity.AI.Navigation.Editor.ConversionSystem", "Unity.AI.Navigation.Editor.ConversionSystem.csproj", "{e4b616a1-ebb8-ab28-8943-9f48b85d287c}"
EndProject
Project("{FAE04EC0-301F-11D3-BF4B-00C04F79EFBC}") = "Unity.VisualScripting.State.Editor", "Unity.VisualScripting.State.Editor.csproj", "{e5606638-ff52-3f43-3802-6f5ee67705e4}"
EndProject
Project("{FAE04EC0-301F-11D3-BF4B-00C04F79EFBC}") = "UnityEditor.XR.LegacyInputHelpers", "UnityEditor.XR.LegacyInputHelpers.csproj", "{c89dad9a-52e6-cb9b-7de7-ee700bc41e51}"
EndProject
Project("{FAE04EC0-301F-11D3-BF4B-00C04F79EFBC}") = "Unity.TestTools.CodeCoverage.Editor", "Unity.TestTools.CodeCoverage.Editor.csproj", "{b156f127-a776-9f9b-91b7-9d8305058851}"
EndProject
Project("{FAE04EC0-301F-11D3-BF4B-00C04F79EFBC}") = "Unity.Services.Core.Configuration.Editor", "Unity.Services.Core.Configuration.Editor.csproj", "{e4267031-e875-9687-b569-0f8e131ea762}"
EndProject
Project("{FAE04EC0-301F-11D3-BF4B-00C04F79EFBC}") = "Unity.VisualScripting.State", "Unity.VisualScripting.State.csproj", "{28415ccc-c18a-0908-e627-584d9f9f0e28}"
EndProject
Project("{FAE04EC0-301F-11D3-BF4B-00C04F79EFBC}") = "Unity.TextMeshPro", "Unity.TextMeshPro.csproj", "{8f689cb7-0ea6-189b-7824-111312f566e2}"
EndProject
Project("{FAE04EC0-301F-11D3-BF4B-00C04F79EFBC}") = "Unity.Services.Core.Networking", "Unity.Services.Core.Networking.csproj", "{c0153092-a329-27dd-4e81-34f44e50ef1e}"
EndProject
Project("{FAE04EC0-301F-11D3-BF4B-00C04F79EFBC}") = "Unity.Performance.Profile-Analyzer.Editor", "Unity.Performance.Profile-Analyzer.Editor.csproj", "{1ec3d4a0-57d1-dd77-0899-dba41e840c38}"
EndProject
Project("{FAE04EC0-301F-11D3-BF4B-00C04F79EFBC}") = "Unity.Services.Core.Scheduler", "Unity.Services.Core.Scheduler.csproj", "{3855de20-1711-d7e8-bc44-9d4768455cdb}"
EndProject
Project("{FAE04EC0-301F-11D3-BF4B-00C04F79EFBC}") = "Unity.Services.Analytics.Editor", "Unity.Services.Analytics.Editor.csproj", "{ee03dfe0-56ff-e29e-9c5e-617b68dc839c}"
EndProject
Project("{FAE04EC0-301F-11D3-BF4B-00C04F79EFBC}") = "Unity.VSCode.Editor", "Unity.VSCode.Editor.csproj", "{8b56ff0a-5ed2-6c09-b07a-cda82cd30072}"
EndProject
Project("{FAE04EC0-301F-11D3-BF4B-00C04F79EFBC}") = "Unity.TestTools.CodeCoverage.Editor.OpenCover.Mono.Reflection", "Unity.TestTools.CodeCoverage.Editor.OpenCover.Mono.Reflection.csproj", "{fed4691c-080e-1ef3-6c89-3823538d0a41}"
EndProject
Project("{FAE04EC0-301F-11D3-BF4B-00C04F79EFBC}") = "Unity.2D.Sprite.Editor", "Unity.2D.Sprite.Editor.csproj", "{9b70d369-e5a4-ce5e-038f-ec5470e183f3}"
EndProject
Project("{FAE04EC0-301F-11D3-BF4B-00C04F79EFBC}") = "Assembly-CSharp", "Assembly-CSharp.csproj", "{b2e971f3-8e74-5c78-fd8f-13a043a46fa5}"
EndProject
Project("{FAE04EC0-301F-11D3-BF4B-00C04F79EFBC}") = "UnityEngine.Purchasing.AppleMacosStub", "UnityEngine.Purchasing.AppleMacosStub.csproj", "{3d0905cb-352c-03c8-5c6f-c7f4c1aab21c}"
EndProject
Project("{FAE04EC0-301F-11D3-BF4B-00C04F79EFBC}") = "Unity.AI.Navigation.Updater", "Unity.AI.Navigation.Updater.csproj", "{972bacf8-c3de-9b3c-786c-7362b63a784e}"
EndProject
Project("{FAE04EC0-301F-11D3-BF4B-00C04F79EFBC}") = "UnityEditor.SpatialTracking", "UnityEditor.SpatialTracking.csproj", "{d1b0ace6-1255-e84a-7902-2549330d2249}"
EndProject
Project("{FAE04EC0-301F-11D3-BF4B-00C04F79EFBC}") = "Unity.Analytics.DataPrivacy", "Unity.Analytics.DataPrivacy.csproj", "{47f42291-b6f9-f093-c611-459b7b204512}"
EndProject
Project("{FAE04EC0-301F-11D3-BF4B-00C04F79EFBC}") = "UnityEngine.Purchasing.SecurityStub", "UnityEngine.Purchasing.SecurityStub.csproj", "{0d1c9140-73a6-8e7b-79a7-01348e821ed9}"
EndProject
Project("{FAE04EC0-301F-11D3-BF4B-00C04F79EFBC}") = "Unity.Settings.Editor", "Unity.Settings.Editor.csproj", "{2e1a693d-de8d-2ce4-f458-9f31c388541c}"
EndProject
Project("{FAE04EC0-301F-11D3-BF4B-00C04F79EFBC}") = "Unity.Services.Core.Registration", "Unity.Services.Core.Registration.csproj", "{bb81a108-6c51-7e43-1b3d-9c9685d6d88c}"
EndProject
Project("{FAE04EC0-301F-11D3-BF4B-00C04F79EFBC}") = "UnityEngine.Purchasing.SecurityCore", "UnityEngine.Purchasing.SecurityCore.csproj", "{1b827476-eaa9-eba2-e7dd-96d77978264a}"
EndProject
Project("{FAE04EC0-301F-11D3-BF4B-00C04F79EFBC}") = "Unity.MemoryProfiler.Editor.MemoryProfilerModule", "Unity.MemoryProfiler.Editor.MemoryProfilerModule.csproj", "{7455943b-9dde-2655-b147-a6a2b612d419}"
EndProject
Project("{FAE04EC0-301F-11D3-BF4B-00C04F79EFBC}") = "UnityEngine.Purchasing.WinRTStub", "UnityEngine.Purchasing.WinRTStub.csproj", "{401f5b81-83e3-30ff-a6ee-49a7f95f7d71}"
EndProject
Project("{FAE04EC0-301F-11D3-BF4B-00C04F79EFBC}") = "Unity.Services.Core.Analytics", "Unity.Services.Core.Analytics.csproj", "{865631d3-5dda-944d-852d-a8496a864f79}"
EndProject
Project("{FAE04EC0-301F-11D3-BF4B-00C04F79EFBC}") = "UnityEngine.SpatialTracking", "UnityEngine.SpatialTracking.csproj", "{c503a62e-7488-cf36-51db-7faf01fcd473}"
EndProject
Project("{FAE04EC0-301F-11D3-BF4B-00C04F79EFBC}") = "Unity.Services.Core.Threading", "Unity.Services.Core.Threading.csproj", "{2e984d80-8202-a4e9-f70f-528335a7ebf6}"
EndProject
Project("{FAE04EC0-301F-11D3-BF4B-00C04F79EFBC}") = "UnityEngine.Purchasing.AppleStub", "UnityEngine.Purchasing.AppleStub.csproj", "{4411812f-f831-a39a-a85f-fb46b0bba2ec}"
EndProject
Project("{FAE04EC0-301F-11D3-BF4B-00C04F79EFBC}") = "Unity.MemoryProfiler", "Unity.MemoryProfiler.csproj", "{5efd775e-532a-f8f8-2f42-63f5b335ea69}"
EndProject
Project("{FAE04EC0-301F-11D3-BF4B-00C04F79EFBC}") = "Unity.EditorCoroutines.Editor", "Unity.EditorCoroutines.Editor.csproj", "{9a531694-13ef-097e-9958-2a2efd380590}"
EndProject
Project("{FAE04EC0-301F-11D3-BF4B-00C04F79EFBC}") = "Unity.Services.Core.Device", "Unity.Services.Core.Device.csproj", "{b33c8959-b2ed-2577-2243-a1b9ae9ebd03}"
EndProject
Project("{FAE04EC0-301F-11D3-BF4B-00C04F79EFBC}") = "UnityEngine.Purchasing.WinRTCore", "UnityEngine.Purchasing.WinRTCore.csproj", "{4bcd153b-4770-7f24-0265-01ac101025f8}"
EndProject
Project("{FAE04EC0-301F-11D3-BF4B-00C04F79EFBC}") = "Purchasing.Common", "Purchasing.Common.csproj", "{140433ec-74f6-887d-58f2-eb3e4746fc50}"
EndProject
Project("{FAE04EC0-301F-11D3-BF4B-00C04F79EFBC}") = "Unity.Services.Core.Environments", "Unity.Services.Core.Environments.csproj", "{833160d4-cee1-3f18-e4df-90d9a599c597}"
EndProject
Project("{FAE04EC0-301F-11D3-BF4B-00C04F79EFBC}") = "UnityEngine.XR.LegacyInputHelpers", "UnityEngine.XR.LegacyInputHelpers.csproj", "{95cc9852-e9b2-e406-4735-afcd05e1db89}"
EndProject
Project("{FAE04EC0-301F-11D3-BF4B-00C04F79EFBC}") = "UnityEngine.Purchasing.AppleCore", "UnityEngine.Purchasing.AppleCore.csproj", "{3711a273-4176-3326-949f-ae469bad6e3d}"
EndProject
Project("{FAE04EC0-301F-11D3-BF4B-00C04F79EFBC}") = "Unity.VisualScripting.Shared.Editor", "Unity.VisualScripting.Shared.Editor.csproj", "{c9656c43-e51d-a116-78c6-4f4ea724f17f}"
EndProject
Project("{FAE04EC0-301F-11D3-BF4B-00C04F79EFBC}") = "Unity.CollabProxy.Editor", "Unity.CollabProxy.Editor.csproj", "{15f973fb-2e38-4528-1296-d2abe4e68a57}"
EndProject
Project("{FAE04EC0-301F-11D3-BF4B-00C04F79EFBC}") = "Assembly-CSharp-Editor", "Assembly-CSharp-Editor.csproj", "{2c6badd9-ef2d-e34d-6c21-17c18b2fb810}"
EndProject
Project("{FAE04EC0-301F-11D3-BF4B-00C04F79EFBC}") = "Analytics", "Analytics.csproj", "{8ec7d3da-7491-4bab-d12f-feb5380261c4}"
EndProject
Project("{FAE04EC0-301F-11D3-BF4B-00C04F79EFBC}") = "UnityEngine.Purchasing.WinRT", "UnityEngine.Purchasing.WinRT.csproj", "{e823fa67-028f-dce6-a6ba-b1a210785951}"
EndProject
Project("{FAE04EC0-301F-11D3-BF4B-00C04F79EFBC}") = "UnityEngine.Purchasing.Apple", "UnityEngine.Purchasing.Apple.csproj", "{fc194c2b-8cf2-58fb-d0f7-6ec62f5e9043}"
EndProject
Project("{FAE04EC0-301F-11D3-BF4B-00C04F79EFBC}") = "Unity.Analytics.DataPrivacy.Tests", "Unity.Analytics.DataPrivacy.Tests.csproj", "{b6dc692b-8b2a-14db-31bd-00a806dc3c35}"
EndProject
Project("{FAE04EC0-301F-11D3-BF4B-00C04F79EFBC}") = "UnityEngine.Advertisements.Editor.Tests", "UnityEngine.Advertisements.Editor.Tests.csproj", "{a6ff49eb-2f5b-877b-7ba4-e2c6ea65d926}"
EndProject
Project("{FAE04EC0-301F-11D3-BF4B-00C04F79EFBC}") = "Unity.2D.Sprite.Package.EditorTests", "Unity.2D.Sprite.Package.EditorTests.csproj", "{b1aa6cd2-4101-5612-d326-6befd66e54f4}"
EndProject
Project("{FAE04EC0-301F-11D3-BF4B-00C04F79EFBC}") = "UnityEngine.Purchasing.Security", "UnityEngine.Purchasing.Security.csproj", "{329bd99c-4ec7-0392-327b-baeaafb4ca1f}"
EndProject
Project("{FAE04EC0-301F-11D3-BF4B-00C04F79EFBC}") = "Unity.AI.Navigation.Tests", "Unity.AI.Navigation.Tests.csproj", "{6efb29fd-40df-d47c-b13d-05508b8f8395}"
EndProject
Project("{FAE04EC0-301F-11D3-BF4B-00C04F79EFBC}") = "Unity.TestTools.CodeCoverage.Editor.Compatibility", "Unity.TestTools.CodeCoverage.Editor.Compatibility.csproj", "{a61079bc-3814-351d-a356-9ad99c00acf9}"
EndProject
Project("{FAE04EC0-301F-11D3-BF4B-00C04F79EFBC}") = "UnityEditor.XR.LegacyInputHelpers.Tests", "UnityEditor.XR.LegacyInputHelpers.Tests.csproj", "{55144924-ed94-7396-1905-105ead1bb15e}"
EndProject
Project("{FAE04EC0-301F-11D3-BF4B-00C04F79EFBC}") = "Unity.TextMeshPro.Editor.Tests", "Unity.TextMeshPro.Editor.Tests.csproj", "{8f42cadd-3685-f361-53a3-d685ba3853e6}"
EndProject
Project("{FAE04EC0-301F-11D3-BF4B-00C04F79EFBC}") = "UnityEngine.Purchasing.AppleMacos", "UnityEngine.Purchasing.AppleMacos.csproj", "{b95fc303-b14a-7b7f-cc5d-fd4eeac6b247}"
EndProject
Project("{FAE04EC0-301F-11D3-BF4B-00C04F79EFBC}") = "DocCodeExamples", "DocCodeExamples.csproj", "{f7f7824d-c728-3c95-96ce-a1da386ff523}"
EndProject
Project("{FAE04EC0-301F-11D3-BF4B-00C04F79EFBC}") = "UnityEngine.Advertisements.Tests", "UnityEngine.Advertisements.Tests.csproj", "{fb1b3ce8-35de-bffd-77f6-53e0b4ae5742}"
EndProject
Project("{FAE04EC0-301F-11D3-BF4B-00C04F79EFBC}") = "Unity.Performance.Profile-Analyzer.EditorTests", "Unity.Performance.Profile-Analyzer.EditorTests.csproj", "{92ba27ab-665b-7a4a-809f-f4fe2fdcced4}"
EndProject
Project("{FAE04EC0-301F-11D3-BF4B-00C04F79EFBC}") = "Unity.Settings.Tests", "Unity.Settings.Tests.csproj", "{e0fcad9d-dce0-2ca2-4e2a-487608d146c2}"
EndProject
Project("{FAE04EC0-301F-11D3-BF4B-00C04F79EFBC}") = "Unity.AI.Navigation.Editor.Tests", "Unity.AI.Navigation.Editor.Tests.csproj", "{50fe20d6-6106-0a9b-8195-ea3170f194ae}"
EndProject
Project("{FAE04EC0-301F-11D3-BF4B-00C04F79EFBC}") = "UnityEngine.UI.Tests", "UnityEngine.UI.Tests.csproj", "{d384b45c-a409-290d-31c1-c80a4580b0ef}"
EndProject
Project("{FAE04EC0-301F-11D3-BF4B-00C04F79EFBC}") = "Unity.TextMeshPro.Tests", "Unity.TextMeshPro.Tests.csproj", "{69e4c4d4-310c-fdf5-c480-2e20c0ea00d7}"
EndProject
Project("{FAE04EC0-301F-11D3-BF4B-00C04F79EFBC}") = "UnityEditor.UI.EditorTests", "UnityEditor.UI.EditorTests.csproj", "{37ea53f5-e958-ef8c-77ba-da4e2b9170d8}"
EndProject
Project("{FAE04EC0-301F-11D3-BF4B-00C04F79EFBC}") = "Unity.2D.Tilemap.Package.EditorTests", "Unity.2D.Tilemap.Package.EditorTests.csproj", "{0006ea6c-a9f6-5359-0a01-92cf4c8c482b}"
EndProject
Project("{FAE04EC0-301F-11D3-BF4B-00C04F79EFBC}") = "Unity.Analytics.StandardEvents.EditorTests", "Unity.Analytics.StandardEvents.EditorTests.csproj", "{b89722ef-e5cd-bdb3-53bf-05c6e9888cd7}"
EndProject
Project("{FAE04EC0-301F-11D3-BF4B-00C04F79EFBC}") = "UnityEngine.SpatialTracking.Tests", "UnityEngine.SpatialTracking.Tests.csproj", "{addb2ac5-5115-7e66-8bcc-fbb89ea87c1c}"
EndProject
Global
	GlobalSection(SolutionConfigurationPlatforms) = preSolution
		Debug|Any CPU = Debug|Any CPU
	EndGlobalSection
	GlobalSection(ProjectConfigurationPlatforms) = postSolution
		{737fe2cc-a1bf-e940-6867-b66e4c2fc0d3}.Debug|Any CPU.ActiveCfg = Debug|Any CPU
		{737fe2cc-a1bf-e940-6867-b66e4c2fc0d3}.Debug|Any CPU.Build.0 = Debug|Any CPU
		{ffc9aa0a-3e86-a63a-62cd-838df6968662}.Debug|Any CPU.ActiveCfg = Debug|Any CPU
		{ffc9aa0a-3e86-a63a-62cd-838df6968662}.Debug|Any CPU.Build.0 = Debug|Any CPU
		{a5ead305-f8e9-a095-5b0a-828ede2f2389}.Debug|Any CPU.ActiveCfg = Debug|Any CPU
		{a5ead305-f8e9-a095-5b0a-828ede2f2389}.Debug|Any CPU.Build.0 = Debug|Any CPU
		{502ddf53-8056-c7f4-58bd-e9f84afb1da1}.Debug|Any CPU.ActiveCfg = Debug|Any CPU
		{502ddf53-8056-c7f4-58bd-e9f84afb1da1}.Debug|Any CPU.Build.0 = Debug|Any CPU
		{7117b2c5-32ae-8fc0-7645-e29bc5932983}.Debug|Any CPU.ActiveCfg = Debug|Any CPU
		{7117b2c5-32ae-8fc0-7645-e29bc5932983}.Debug|Any CPU.Build.0 = Debug|Any CPU
		{9d3439ca-c2b4-ecd9-78de-2a76722bac5d}.Debug|Any CPU.ActiveCfg = Debug|Any CPU
		{9d3439ca-c2b4-ecd9-78de-2a76722bac5d}.Debug|Any CPU.Build.0 = Debug|Any CPU
		{48fbc213-e48f-d009-955e-a158c4323084}.Debug|Any CPU.ActiveCfg = Debug|Any CPU
		{48fbc213-e48f-d009-955e-a158c4323084}.Debug|Any CPU.Build.0 = Debug|Any CPU
		{22fd0d1b-662b-0ad0-d9b8-dc29dc8abd9a}.Debug|Any CPU.ActiveCfg = Debug|Any CPU
		{22fd0d1b-662b-0ad0-d9b8-dc29dc8abd9a}.Debug|Any CPU.Build.0 = Debug|Any CPU
		{9ca4043d-5790-5f4e-747c-bff428994bb0}.Debug|Any CPU.ActiveCfg = Debug|Any CPU
		{9ca4043d-5790-5f4e-747c-bff428994bb0}.Debug|Any CPU.Build.0 = Debug|Any CPU
		{b5e71122-37e0-1329-13ae-518def5c07dc}.Debug|Any CPU.ActiveCfg = Debug|Any CPU
		{b5e71122-37e0-1329-13ae-518def5c07dc}.Debug|Any CPU.Build.0 = Debug|Any CPU
		{863dd73d-b811-c263-2083-abdb2e0b4112}.Debug|Any CPU.ActiveCfg = Debug|Any CPU
		{863dd73d-b811-c263-2083-abdb2e0b4112}.Debug|Any CPU.Build.0 = Debug|Any CPU
		{8f1b2edb-5e27-dc91-5edb-fe308dc1a24e}.Debug|Any CPU.ActiveCfg = Debug|Any CPU
		{8f1b2edb-5e27-dc91-5edb-fe308dc1a24e}.Debug|Any CPU.Build.0 = Debug|Any CPU
		{2ac48551-f9da-0211-cb70-136c14737310}.Debug|Any CPU.ActiveCfg = Debug|Any CPU
		{2ac48551-f9da-0211-cb70-136c14737310}.Debug|Any CPU.Build.0 = Debug|Any CPU
		{72e2dc84-a294-dbe6-bc78-c045eb15e872}.Debug|Any CPU.ActiveCfg = Debug|Any CPU
		{72e2dc84-a294-dbe6-bc78-c045eb15e872}.Debug|Any CPU.Build.0 = Debug|Any CPU
		{2a6104cf-1902-cb72-ba10-88f285125630}.Debug|Any CPU.ActiveCfg = Debug|Any CPU
		{2a6104cf-1902-cb72-ba10-88f285125630}.Debug|Any CPU.Build.0 = Debug|Any CPU
		{8df28e6c-0d9b-01b3-131e-62d943cdc955}.Debug|Any CPU.ActiveCfg = Debug|Any CPU
		{8df28e6c-0d9b-01b3-131e-62d943cdc955}.Debug|Any CPU.Build.0 = Debug|Any CPU
		{5f7de04b-c513-1724-504a-be7dd7dedb85}.Debug|Any CPU.ActiveCfg = Debug|Any CPU
		{5f7de04b-c513-1724-504a-be7dd7dedb85}.Debug|Any CPU.Build.0 = Debug|Any CPU
		{4e493d9c-d31f-8d82-8c5d-430f93fa23e6}.Debug|Any CPU.ActiveCfg = Debug|Any CPU
		{4e493d9c-d31f-8d82-8c5d-430f93fa23e6}.Debug|Any CPU.Build.0 = Debug|Any CPU
		{c83bab84-9bb8-1143-aff7-68895c639513}.Debug|Any CPU.ActiveCfg = Debug|Any CPU
		{c83bab84-9bb8-1143-aff7-68895c639513}.Debug|Any CPU.Build.0 = Debug|Any CPU
		{7edaafa2-387d-74ab-8608-f3af187d4675}.Debug|Any CPU.ActiveCfg = Debug|Any CPU
		{7edaafa2-387d-74ab-8608-f3af187d4675}.Debug|Any CPU.Build.0 = Debug|Any CPU
		{5752e55a-11f8-432f-38f4-121b0660e0c7}.Debug|Any CPU.ActiveCfg = Debug|Any CPU
		{5752e55a-11f8-432f-38f4-121b0660e0c7}.Debug|Any CPU.Build.0 = Debug|Any CPU
		{1091eb43-955a-0103-0e53-d107b4c929c4}.Debug|Any CPU.ActiveCfg = Debug|Any CPU
		{1091eb43-955a-0103-0e53-d107b4c929c4}.Debug|Any CPU.Build.0 = Debug|Any CPU
		{2c89c4aa-a7a5-ab28-5221-341048ea9fc8}.Debug|Any CPU.ActiveCfg = Debug|Any CPU
		{2c89c4aa-a7a5-ab28-5221-341048ea9fc8}.Debug|Any CPU.Build.0 = Debug|Any CPU
		{91e396c0-f1ce-934b-7497-720f2dd106fb}.Debug|Any CPU.ActiveCfg = Debug|Any CPU
		{91e396c0-f1ce-934b-7497-720f2dd106fb}.Debug|Any CPU.Build.0 = Debug|Any CPU
		{3056b836-65e5-60ee-6921-4f0e24993f02}.Debug|Any CPU.ActiveCfg = Debug|Any CPU
		{3056b836-65e5-60ee-6921-4f0e24993f02}.Debug|Any CPU.Build.0 = Debug|Any CPU
		{d9adecfe-f73a-8cd2-c695-1d9da396d5c4}.Debug|Any CPU.ActiveCfg = Debug|Any CPU
		{d9adecfe-f73a-8cd2-c695-1d9da396d5c4}.Debug|Any CPU.Build.0 = Debug|Any CPU
		{1aefac1d-b231-7d63-120f-ab09de0a2ec4}.Debug|Any CPU.ActiveCfg = Debug|Any CPU
		{1aefac1d-b231-7d63-120f-ab09de0a2ec4}.Debug|Any CPU.Build.0 = Debug|Any CPU
		{ec60f808-e7a4-2b1c-acdf-b9f1360f9ec4}.Debug|Any CPU.ActiveCfg = Debug|Any CPU
		{ec60f808-e7a4-2b1c-acdf-b9f1360f9ec4}.Debug|Any CPU.Build.0 = Debug|Any CPU
		{0719fb21-b180-7ec8-2d34-14e5cba0071e}.Debug|Any CPU.ActiveCfg = Debug|Any CPU
		{0719fb21-b180-7ec8-2d34-14e5cba0071e}.Debug|Any CPU.Build.0 = Debug|Any CPU
		{3096f38a-a0ba-18ce-55a9-55b6cd4c67d0}.Debug|Any CPU.ActiveCfg = Debug|Any CPU
		{3096f38a-a0ba-18ce-55a9-55b6cd4c67d0}.Debug|Any CPU.Build.0 = Debug|Any CPU
		{ad1491d2-1209-2b93-f36b-713629d9e366}.Debug|Any CPU.ActiveCfg = Debug|Any CPU
		{ad1491d2-1209-2b93-f36b-713629d9e366}.Debug|Any CPU.Build.0 = Debug|Any CPU
		{6d6282b3-e14b-1eb8-679b-c96217c22a44}.Debug|Any CPU.ActiveCfg = Debug|Any CPU
		{6d6282b3-e14b-1eb8-679b-c96217c22a44}.Debug|Any CPU.Build.0 = Debug|Any CPU
		{bc123992-b981-e9c2-60fc-58a8b074941d}.Debug|Any CPU.ActiveCfg = Debug|Any CPU
		{bc123992-b981-e9c2-60fc-58a8b074941d}.Debug|Any CPU.Build.0 = Debug|Any CPU
		{d0d6a84d-8173-88d7-904e-76500a9a5ef2}.Debug|Any CPU.ActiveCfg = Debug|Any CPU
		{d0d6a84d-8173-88d7-904e-76500a9a5ef2}.Debug|Any CPU.Build.0 = Debug|Any CPU
		{3d630a43-71ed-4e63-8a22-bfe0bd145dbd}.Debug|Any CPU.ActiveCfg = Debug|Any CPU
		{3d630a43-71ed-4e63-8a22-bfe0bd145dbd}.Debug|Any CPU.Build.0 = Debug|Any CPU
		{e4b616a1-ebb8-ab28-8943-9f48b85d287c}.Debug|Any CPU.ActiveCfg = Debug|Any CPU
		{e4b616a1-ebb8-ab28-8943-9f48b85d287c}.Debug|Any CPU.Build.0 = Debug|Any CPU
		{e5606638-ff52-3f43-3802-6f5ee67705e4}.Debug|Any CPU.ActiveCfg = Debug|Any CPU
		{e5606638-ff52-3f43-3802-6f5ee67705e4}.Debug|Any CPU.Build.0 = Debug|Any CPU
		{c89dad9a-52e6-cb9b-7de7-ee700bc41e51}.Debug|Any CPU.ActiveCfg = Debug|Any CPU
		{c89dad9a-52e6-cb9b-7de7-ee700bc41e51}.Debug|Any CPU.Build.0 = Debug|Any CPU
		{b156f127-a776-9f9b-91b7-9d8305058851}.Debug|Any CPU.ActiveCfg = Debug|Any CPU
		{b156f127-a776-9f9b-91b7-9d8305058851}.Debug|Any CPU.Build.0 = Debug|Any CPU
		{e4267031-e875-9687-b569-0f8e131ea762}.Debug|Any CPU.ActiveCfg = Debug|Any CPU
		{e4267031-e875-9687-b569-0f8e131ea762}.Debug|Any CPU.Build.0 = Debug|Any CPU
		{28415ccc-c18a-0908-e627-584d9f9f0e28}.Debug|Any CPU.ActiveCfg = Debug|Any CPU
		{28415ccc-c18a-0908-e627-584d9f9f0e28}.Debug|Any CPU.Build.0 = Debug|Any CPU
		{8f689cb7-0ea6-189b-7824-111312f566e2}.Debug|Any CPU.ActiveCfg = Debug|Any CPU
		{8f689cb7-0ea6-189b-7824-111312f566e2}.Debug|Any CPU.Build.0 = Debug|Any CPU
		{c0153092-a329-27dd-4e81-34f44e50ef1e}.Debug|Any CPU.ActiveCfg = Debug|Any CPU
		{c0153092-a329-27dd-4e81-34f44e50ef1e}.Debug|Any CPU.Build.0 = Debug|Any CPU
		{1ec3d4a0-57d1-dd77-0899-dba41e840c38}.Debug|Any CPU.ActiveCfg = Debug|Any CPU
		{1ec3d4a0-57d1-dd77-0899-dba41e840c38}.Debug|Any CPU.Build.0 = Debug|Any CPU
		{3855de20-1711-d7e8-bc44-9d4768455cdb}.Debug|Any CPU.ActiveCfg = Debug|Any CPU
		{3855de20-1711-d7e8-bc44-9d4768455cdb}.Debug|Any CPU.Build.0 = Debug|Any CPU
		{ee03dfe0-56ff-e29e-9c5e-617b68dc839c}.Debug|Any CPU.ActiveCfg = Debug|Any CPU
		{ee03dfe0-56ff-e29e-9c5e-617b68dc839c}.Debug|Any CPU.Build.0 = Debug|Any CPU
		{8b56ff0a-5ed2-6c09-b07a-cda82cd30072}.Debug|Any CPU.ActiveCfg = Debug|Any CPU
		{8b56ff0a-5ed2-6c09-b07a-cda82cd30072}.Debug|Any CPU.Build.0 = Debug|Any CPU
		{fed4691c-080e-1ef3-6c89-3823538d0a41}.Debug|Any CPU.ActiveCfg = Debug|Any CPU
		{fed4691c-080e-1ef3-6c89-3823538d0a41}.Debug|Any CPU.Build.0 = Debug|Any CPU
		{9b70d369-e5a4-ce5e-038f-ec5470e183f3}.Debug|Any CPU.ActiveCfg = Debug|Any CPU
		{9b70d369-e5a4-ce5e-038f-ec5470e183f3}.Debug|Any CPU.Build.0 = Debug|Any CPU
		{b2e971f3-8e74-5c78-fd8f-13a043a46fa5}.Debug|Any CPU.ActiveCfg = Debug|Any CPU
		{b2e971f3-8e74-5c78-fd8f-13a043a46fa5}.Debug|Any CPU.Build.0 = Debug|Any CPU
		{3d0905cb-352c-03c8-5c6f-c7f4c1aab21c}.Debug|Any CPU.ActiveCfg = Debug|Any CPU
		{3d0905cb-352c-03c8-5c6f-c7f4c1aab21c}.Debug|Any CPU.Build.0 = Debug|Any CPU
		{972bacf8-c3de-9b3c-786c-7362b63a784e}.Debug|Any CPU.ActiveCfg = Debug|Any CPU
		{972bacf8-c3de-9b3c-786c-7362b63a784e}.Debug|Any CPU.Build.0 = Debug|Any CPU
		{d1b0ace6-1255-e84a-7902-2549330d2249}.Debug|Any CPU.ActiveCfg = Debug|Any CPU
		{d1b0ace6-1255-e84a-7902-2549330d2249}.Debug|Any CPU.Build.0 = Debug|Any CPU
		{47f42291-b6f9-f093-c611-459b7b204512}.Debug|Any CPU.ActiveCfg = Debug|Any CPU
		{47f42291-b6f9-f093-c611-459b7b204512}.Debug|Any CPU.Build.0 = Debug|Any CPU
		{0d1c9140-73a6-8e7b-79a7-01348e821ed9}.Debug|Any CPU.ActiveCfg = Debug|Any CPU
		{0d1c9140-73a6-8e7b-79a7-01348e821ed9}.Debug|Any CPU.Build.0 = Debug|Any CPU
		{2e1a693d-de8d-2ce4-f458-9f31c388541c}.Debug|Any CPU.ActiveCfg = Debug|Any CPU
		{2e1a693d-de8d-2ce4-f458-9f31c388541c}.Debug|Any CPU.Build.0 = Debug|Any CPU
		{bb81a108-6c51-7e43-1b3d-9c9685d6d88c}.Debug|Any CPU.ActiveCfg = Debug|Any CPU
		{bb81a108-6c51-7e43-1b3d-9c9685d6d88c}.Debug|Any CPU.Build.0 = Debug|Any CPU
		{1b827476-eaa9-eba2-e7dd-96d77978264a}.Debug|Any CPU.ActiveCfg = Debug|Any CPU
		{1b827476-eaa9-eba2-e7dd-96d77978264a}.Debug|Any CPU.Build.0 = Debug|Any CPU
		{7455943b-9dde-2655-b147-a6a2b612d419}.Debug|Any CPU.ActiveCfg = Debug|Any CPU
		{7455943b-9dde-2655-b147-a6a2b612d419}.Debug|Any CPU.Build.0 = Debug|Any CPU
		{401f5b81-83e3-30ff-a6ee-49a7f95f7d71}.Debug|Any CPU.ActiveCfg = Debug|Any CPU
		{401f5b81-83e3-30ff-a6ee-49a7f95f7d71}.Debug|Any CPU.Build.0 = Debug|Any CPU
		{865631d3-5dda-944d-852d-a8496a864f79}.Debug|Any CPU.ActiveCfg = Debug|Any CPU
		{865631d3-5dda-944d-852d-a8496a864f79}.Debug|Any CPU.Build.0 = Debug|Any CPU
		{c503a62e-7488-cf36-51db-7faf01fcd473}.Debug|Any CPU.ActiveCfg = Debug|Any CPU
		{c503a62e-7488-cf36-51db-7faf01fcd473}.Debug|Any CPU.Build.0 = Debug|Any CPU
		{2e984d80-8202-a4e9-f70f-528335a7ebf6}.Debug|Any CPU.ActiveCfg = Debug|Any CPU
		{2e984d80-8202-a4e9-f70f-528335a7ebf6}.Debug|Any CPU.Build.0 = Debug|Any CPU
		{4411812f-f831-a39a-a85f-fb46b0bba2ec}.Debug|Any CPU.ActiveCfg = Debug|Any CPU
		{4411812f-f831-a39a-a85f-fb46b0bba2ec}.Debug|Any CPU.Build.0 = Debug|Any CPU
		{5efd775e-532a-f8f8-2f42-63f5b335ea69}.Debug|Any CPU.ActiveCfg = Debug|Any CPU
		{5efd775e-532a-f8f8-2f42-63f5b335ea69}.Debug|Any CPU.Build.0 = Debug|Any CPU
		{9a531694-13ef-097e-9958-2a2efd380590}.Debug|Any CPU.ActiveCfg = Debug|Any CPU
		{9a531694-13ef-097e-9958-2a2efd380590}.Debug|Any CPU.Build.0 = Debug|Any CPU
		{b33c8959-b2ed-2577-2243-a1b9ae9ebd03}.Debug|Any CPU.ActiveCfg = Debug|Any CPU
		{b33c8959-b2ed-2577-2243-a1b9ae9ebd03}.Debug|Any CPU.Build.0 = Debug|Any CPU
		{4bcd153b-4770-7f24-0265-01ac101025f8}.Debug|Any CPU.ActiveCfg = Debug|Any CPU
		{4bcd153b-4770-7f24-0265-01ac101025f8}.Debug|Any CPU.Build.0 = Debug|Any CPU
		{140433ec-74f6-887d-58f2-eb3e4746fc50}.Debug|Any CPU.ActiveCfg = Debug|Any CPU
		{140433ec-74f6-887d-58f2-eb3e4746fc50}.Debug|Any CPU.Build.0 = Debug|Any CPU
		{833160d4-cee1-3f18-e4df-90d9a599c597}.Debug|Any CPU.ActiveCfg = Debug|Any CPU
		{833160d4-cee1-3f18-e4df-90d9a599c597}.Debug|Any CPU.Build.0 = Debug|Any CPU
		{95cc9852-e9b2-e406-4735-afcd05e1db89}.Debug|Any CPU.ActiveCfg = Debug|Any CPU
		{95cc9852-e9b2-e406-4735-afcd05e1db89}.Debug|Any CPU.Build.0 = Debug|Any CPU
		{3711a273-4176-3326-949f-ae469bad6e3d}.Debug|Any CPU.ActiveCfg = Debug|Any CPU
		{3711a273-4176-3326-949f-ae469bad6e3d}.Debug|Any CPU.Build.0 = Debug|Any CPU
		{c9656c43-e51d-a116-78c6-4f4ea724f17f}.Debug|Any CPU.ActiveCfg = Debug|Any CPU
		{c9656c43-e51d-a116-78c6-4f4ea724f17f}.Debug|Any CPU.Build.0 = Debug|Any CPU
		{15f973fb-2e38-4528-1296-d2abe4e68a57}.Debug|Any CPU.ActiveCfg = Debug|Any CPU
		{15f973fb-2e38-4528-1296-d2abe4e68a57}.Debug|Any CPU.Build.0 = Debug|Any CPU
		{2c6badd9-ef2d-e34d-6c21-17c18b2fb810}.Debug|Any CPU.ActiveCfg = Debug|Any CPU
		{2c6badd9-ef2d-e34d-6c21-17c18b2fb810}.Debug|Any CPU.Build.0 = Debug|Any CPU
		{8ec7d3da-7491-4bab-d12f-feb5380261c4}.Debug|Any CPU.ActiveCfg = Debug|Any CPU
		{8ec7d3da-7491-4bab-d12f-feb5380261c4}.Debug|Any CPU.Build.0 = Debug|Any CPU
		{e823fa67-028f-dce6-a6ba-b1a210785951}.Debug|Any CPU.ActiveCfg = Debug|Any CPU
		{e823fa67-028f-dce6-a6ba-b1a210785951}.Debug|Any CPU.Build.0 = Debug|Any CPU
		{fc194c2b-8cf2-58fb-d0f7-6ec62f5e9043}.Debug|Any CPU.ActiveCfg = Debug|Any CPU
		{fc194c2b-8cf2-58fb-d0f7-6ec62f5e9043}.Debug|Any CPU.Build.0 = Debug|Any CPU
		{b6dc692b-8b2a-14db-31bd-00a806dc3c35}.Debug|Any CPU.ActiveCfg = Debug|Any CPU
		{b6dc692b-8b2a-14db-31bd-00a806dc3c35}.Debug|Any CPU.Build.0 = Debug|Any CPU
		{a6ff49eb-2f5b-877b-7ba4-e2c6ea65d926}.Debug|Any CPU.ActiveCfg = Debug|Any CPU
		{a6ff49eb-2f5b-877b-7ba4-e2c6ea65d926}.Debug|Any CPU.Build.0 = Debug|Any CPU
		{b1aa6cd2-4101-5612-d326-6befd66e54f4}.Debug|Any CPU.ActiveCfg = Debug|Any CPU
		{b1aa6cd2-4101-5612-d326-6befd66e54f4}.Debug|Any CPU.Build.0 = Debug|Any CPU
		{329bd99c-4ec7-0392-327b-baeaafb4ca1f}.Debug|Any CPU.ActiveCfg = Debug|Any CPU
		{329bd99c-4ec7-0392-327b-baeaafb4ca1f}.Debug|Any CPU.Build.0 = Debug|Any CPU
		{6efb29fd-40df-d47c-b13d-05508b8f8395}.Debug|Any CPU.ActiveCfg = Debug|Any CPU
		{6efb29fd-40df-d47c-b13d-05508b8f8395}.Debug|Any CPU.Build.0 = Debug|Any CPU
		{a61079bc-3814-351d-a356-9ad99c00acf9}.Debug|Any CPU.ActiveCfg = Debug|Any CPU
		{a61079bc-3814-351d-a356-9ad99c00acf9}.Debug|Any CPU.Build.0 = Debug|Any CPU
		{55144924-ed94-7396-1905-105ead1bb15e}.Debug|Any CPU.ActiveCfg = Debug|Any CPU
		{55144924-ed94-7396-1905-105ead1bb15e}.Debug|Any CPU.Build.0 = Debug|Any CPU
		{8f42cadd-3685-f361-53a3-d685ba3853e6}.Debug|Any CPU.ActiveCfg = Debug|Any CPU
		{8f42cadd-3685-f361-53a3-d685ba3853e6}.Debug|Any CPU.Build.0 = Debug|Any CPU
		{b95fc303-b14a-7b7f-cc5d-fd4eeac6b247}.Debug|Any CPU.ActiveCfg = Debug|Any CPU
		{b95fc303-b14a-7b7f-cc5d-fd4eeac6b247}.Debug|Any CPU.Build.0 = Debug|Any CPU
		{f7f7824d-c728-3c95-96ce-a1da386ff523}.Debug|Any CPU.ActiveCfg = Debug|Any CPU
		{f7f7824d-c728-3c95-96ce-a1da386ff523}.Debug|Any CPU.Build.0 = Debug|Any CPU
		{fb1b3ce8-35de-bffd-77f6-53e0b4ae5742}.Debug|Any CPU.ActiveCfg = Debug|Any CPU
		{fb1b3ce8-35de-bffd-77f6-53e0b4ae5742}.Debug|Any CPU.Build.0 = Debug|Any CPU
		{92ba27ab-665b-7a4a-809f-f4fe2fdcced4}.Debug|Any CPU.ActiveCfg = Debug|Any CPU
		{92ba27ab-665b-7a4a-809f-f4fe2fdcced4}.Debug|Any CPU.Build.0 = Debug|Any CPU
		{e0fcad9d-dce0-2ca2-4e2a-487608d146c2}.Debug|Any CPU.ActiveCfg = Debug|Any CPU
		{e0fcad9d-dce0-2ca2-4e2a-487608d146c2}.Debug|Any CPU.Build.0 = Debug|Any CPU
		{50fe20d6-6106-0a9b-8195-ea3170f194ae}.Debug|Any CPU.ActiveCfg = Debug|Any CPU
		{50fe20d6-6106-0a9b-8195-ea3170f194ae}.Debug|Any CPU.Build.0 = Debug|Any CPU
		{d384b45c-a409-290d-31c1-c80a4580b0ef}.Debug|Any CPU.ActiveCfg = Debug|Any CPU
		{d384b45c-a409-290d-31c1-c80a4580b0ef}.Debug|Any CPU.Build.0 = Debug|Any CPU
		{69e4c4d4-310c-fdf5-c480-2e20c0ea00d7}.Debug|Any CPU.ActiveCfg = Debug|Any CPU
		{69e4c4d4-310c-fdf5-c480-2e20c0ea00d7}.Debug|Any CPU.Build.0 = Debug|Any CPU
		{37ea53f5-e958-ef8c-77ba-da4e2b9170d8}.Debug|Any CPU.ActiveCfg = Debug|Any CPU
		{37ea53f5-e958-ef8c-77ba-da4e2b9170d8}.Debug|Any CPU.Build.0 = Debug|Any CPU
		{0006ea6c-a9f6-5359-0a01-92cf4c8c482b}.Debug|Any CPU.ActiveCfg = Debug|Any CPU
		{0006ea6c-a9f6-5359-0a01-92cf4c8c482b}.Debug|Any CPU.Build.0 = Debug|Any CPU
		{b89722ef-e5cd-bdb3-53bf-05c6e9888cd7}.Debug|Any CPU.ActiveCfg = Debug|Any CPU
		{b89722ef-e5cd-bdb3-53bf-05c6e9888cd7}.Debug|Any CPU.Build.0 = Debug|Any CPU
		{addb2ac5-5115-7e66-8bcc-fbb89ea87c1c}.Debug|Any CPU.ActiveCfg = Debug|Any CPU
		{addb2ac5-5115-7e66-8bcc-fbb89ea87c1c}.Debug|Any CPU.Build.0 = Debug|Any CPU
	EndGlobalSection
	GlobalSection(SolutionProperties) = preSolution
		HideSolutionNode = FALSE
	EndGlobalSection
EndGlobal
